
Microsoft Visual Studio Solution File, Format Version 12.00
# Visual Studio 2013
VisualStudioVersion = 12.0.21005.1
MinimumVisualStudioVersion = 10.0.40219.1
Project("{2150E333-8FDC-42A3-9474-1A3956D46DE8}") = "2. Model", "2. Model", "{10427EFB-E153-44FD-A654-461F3098F934}"
EndProject
Project("{2150E333-8FDC-42A3-9474-1A3956D46DE8}") = "1. Repository", "1. Repository", "{0EFCE825-26EF-4F87-BAD9-6FC4EE416757}"
EndProject
Project("{2150E333-8FDC-42A3-9474-1A3956D46DE8}") = "3. Service", "3. Service", "{2BAC915E-302F-4DED-BF42-EB2297FEF077}"
EndProject
Project("{2150E333-8FDC-42A3-9474-1A3956D46DE8}") = "4. Presentation", "4. Presentation", "{47397983-E4FF-446B-8169-9397241620D8}"
EndProject
Project("{2150E333-8FDC-42A3-9474-1A3956D46DE8}") = "5. UI", "5. UI", "{C6181026-E475-481F-AB25-363CA85AE496}"
EndProject
Project("{2150E333-8FDC-42A3-9474-1A3956D46DE8}") = "0. Infrastructure", "0. Infrastructure", "{18633534-9A75-4CBF-B64D-249B5C58CFBC}"
EndProject
Project("{FAE04EC0-301F-11D3-BF4B-00C04F79EFBC}") = "SharpCMS.Model", "SharpCMS.Model\SharpCMS.Model.csproj", "{CBFC9255-3DAE-442D-B0F4-9854B630B30A}"
EndProject
Project("{FAE04EC0-301F-11D3-BF4B-00C04F79EFBC}") = "SharpCMS.UI", "SharpCMS.UI\SharpCMS.UI.csproj", "{FD237B7C-F2C0-44FC-9D84-7535C0338FFB}"
EndProject
Project("{FAE04EC0-301F-11D3-BF4B-00C04F79EFBC}") = "SharpCMS.Service", "SharpCMS.Service\SharpCMS.Service.csproj", "{4ACC4F5E-57F8-435B-A191-36310D5C2EB4}"
EndProject
Project("{FAE04EC0-301F-11D3-BF4B-00C04F79EFBC}") = "SharpCMS.Presentation", "SharpCMS.Presentation\SharpCMS.Presentation.csproj", "{42F7594C-8772-48E4-9078-7A39B77AF9CD}"
EndProject
Project("{FAE04EC0-301F-11D3-BF4B-00C04F79EFBC}") = "SharpCMS.Repository.EF", "SharpCMS.Repository.EF\SharpCMS.Repository.EF.csproj", "{DD67B855-9A1D-41AC-8CD2-67802CEC9557}"
EndProject
Project("{FAE04EC0-301F-11D3-BF4B-00C04F79EFBC}") = "SharpCMS.Infrastructure", "SharpCMS.Infrastructure\SharpCMS.Infrastructure.csproj", "{1A7F245C-B899-4A65-AF06-7C15AC8CDC43}"
EndProject
Project("{FAE04EC0-301F-11D3-BF4B-00C04F79EFBC}") = "SharpCMS.UI.Mvc", "SharpCMS.UI.Mvc\SharpCMS.UI.Mvc.csproj", "{9A982D2B-AA3B-42E4-95BC-588FAB6B38CF}"
EndProject
Global
	GlobalSection(SolutionConfigurationPlatforms) = preSolution
		Debug|Any CPU = Debug|Any CPU
		Release|Any CPU = Release|Any CPU
	EndGlobalSection
	GlobalSection(ProjectConfigurationPlatforms) = postSolution
		{CBFC9255-3DAE-442D-B0F4-9854B630B30A}.Debug|Any CPU.ActiveCfg = Debug|Any CPU
		{CBFC9255-3DAE-442D-B0F4-9854B630B30A}.Debug|Any CPU.Build.0 = Debug|Any CPU
		{CBFC9255-3DAE-442D-B0F4-9854B630B30A}.Release|Any CPU.ActiveCfg = Release|Any CPU
		{CBFC9255-3DAE-442D-B0F4-9854B630B30A}.Release|Any CPU.Build.0 = Release|Any CPU
		{FD237B7C-F2C0-44FC-9D84-7535C0338FFB}.Debug|Any CPU.ActiveCfg = Debug|Any CPU
		{FD237B7C-F2C0-44FC-9D84-7535C0338FFB}.Release|Any CPU.ActiveCfg = Release|Any CPU
		{4ACC4F5E-57F8-435B-A191-36310D5C2EB4}.Debug|Any CPU.ActiveCfg = Debug|Any CPU
		{4ACC4F5E-57F8-435B-A191-36310D5C2EB4}.Debug|Any CPU.Build.0 = Debug|Any CPU
		{4ACC4F5E-57F8-435B-A191-36310D5C2EB4}.Release|Any CPU.ActiveCfg = Release|Any CPU
		{4ACC4F5E-57F8-435B-A191-36310D5C2EB4}.Release|Any CPU.Build.0 = Release|Any CPU
		{42F7594C-8772-48E4-9078-7A39B77AF9CD}.Debug|Any CPU.ActiveCfg = Debug|Any CPU
		{42F7594C-8772-48E4-9078-7A39B77AF9CD}.Debug|Any CPU.Build.0 = Debug|Any CPU
		{42F7594C-8772-48E4-9078-7A39B77AF9CD}.Release|Any CPU.ActiveCfg = Release|Any CPU
		{42F7594C-8772-48E4-9078-7A39B77AF9CD}.Release|Any CPU.Build.0 = Release|Any CPU
		{DD67B855-9A1D-41AC-8CD2-67802CEC9557}.Debug|Any CPU.ActiveCfg = Debug|Any CPU
		{DD67B855-9A1D-41AC-8CD2-67802CEC9557}.Debug|Any CPU.Build.0 = Debug|Any CPU
		{DD67B855-9A1D-41AC-8CD2-67802CEC9557}.Release|Any CPU.ActiveCfg = Release|Any CPU
		{DD67B855-9A1D-41AC-8CD2-67802CEC9557}.Release|Any CPU.Build.0 = Release|Any CPU
		{1A7F245C-B899-4A65-AF06-7C15AC8CDC43}.Debug|Any CPU.ActiveCfg = Debug|Any CPU
		{1A7F245C-B899-4A65-AF06-7C15AC8CDC43}.Debug|Any CPU.Build.0 = Debug|Any CPU
		{1A7F245C-B899-4A65-AF06-7C15AC8CDC43}.Release|Any CPU.ActiveCfg = Release|Any CPU
		{1A7F245C-B899-4A65-AF06-7C15AC8CDC43}.Release|Any CPU.Build.0 = Release|Any CPU
		{9A982D2B-AA3B-42E4-95BC-588FAB6B38CF}.Debug|Any CPU.ActiveCfg = Debug|Any CPU
		{9A982D2B-AA3B-42E4-95BC-588FAB6B38CF}.Debug|Any CPU.Build.0 = Debug|Any CPU
		{9A982D2B-AA3B-42E4-95BC-588FAB6B38CF}.Release|Any CPU.ActiveCfg = Release|Any CPU
		{9A982D2B-AA3B-42E4-95BC-588FAB6B38CF}.Release|Any CPU.Build.0 = Release|Any CPU
	EndGlobalSection
	GlobalSection(SolutionProperties) = preSolution
		HideSolutionNode = FALSE
	EndGlobalSection
	GlobalSection(NestedProjects) = preSolution
		{CBFC9255-3DAE-442D-B0F4-9854B630B30A} = {10427EFB-E153-44FD-A654-461F3098F934}
		{DD67B855-9A1D-41AC-8CD2-67802CEC9557} = {0EFCE825-26EF-4F87-BAD9-6FC4EE416757}
		{4ACC4F5E-57F8-435B-A191-36310D5C2EB4} = {2BAC915E-302F-4DED-BF42-EB2297FEF077}
		{42F7594C-8772-48E4-9078-7A39B77AF9CD} = {47397983-E4FF-446B-8169-9397241620D8}
		{FD237B7C-F2C0-44FC-9D84-7535C0338FFB} = {C6181026-E475-481F-AB25-363CA85AE496}
		{9A982D2B-AA3B-42E4-95BC-588FAB6B38CF} = {C6181026-E475-481F-AB25-363CA85AE496}
		{1A7F245C-B899-4A65-AF06-7C15AC8CDC43} = {18633534-9A75-4CBF-B64D-249B5C58CFBC}
	EndGlobalSection
EndGlobal
